
Microsoft Visual Studio Solution File, Format Version 12.00
# Visual Studio Version 17
VisualStudioVersion = 17.13.35828.75 d17.13
MinimumVisualStudioVersion = 10.0.40219.1
Project("{FAE04EC0-301F-11D3-BF4B-00C04F79EFBC}") = "ConsoleApp8", "ConsoleApp8\ConsoleApp8.csproj", "{22B047C6-838F-4FF8-BA39-6224A185CABF}"
EndProject
Global
	GlobalSection(SolutionConfigurationPlatforms) = preSolution
		Debug|Any CPU = Debug|Any CPU
		Release|Any CPU = Release|Any CPU
	EndGlobalSection
	GlobalSection(ProjectConfigurationPlatforms) = postSolution
		{22B047C6-838F-4FF8-BA39-6224A185CABF}.Debug|Any CPU.ActiveCfg = Debug|Any CPU
		{22B047C6-838F-4FF8-BA39-6224A185CABF}.Debug|Any CPU.Build.0 = Debug|Any CPU
		{22B047C6-838F-4FF8-BA39-6224A185CABF}.Release|Any CPU.ActiveCfg = Release|Any CPU
		{22B047C6-838F-4FF8-BA39-6224A185CABF}.Release|Any CPU.Build.0 = Release|Any CPU
	EndGlobalSection
	GlobalSection(SolutionProperties) = preSolution
		HideSolutionNode = FALSE
	EndGlobalSection
	GlobalSection(ExtensibilityGlobals) = postSolution
		SolutionGuid = {375119A0-6080-4810-8968-1D8D3DB96134}
	EndGlobalSection
EndGlobal
